
Microsoft Visual Studio Solution File, Format Version 12.00
# Visual Studio 15
VisualStudioVersion = 15.0.28010.2019
MinimumVisualStudioVersion = 10.0.40219.1
Project("{FAE04EC0-301F-11D3-BF4B-00C04F79EFBC}") = "XLS_To_JSON", "XLS_To_JSON\XLS_To_JSON.csproj", "{B4351D6E-E446-42A0-9E19-730E6480A248}"
EndProject
Global
	GlobalSection(SolutionConfigurationPlatforms) = preSolution
		Debug|Any CPU = Debug|Any CPU
		Release|Any CPU = Release|Any CPU
	EndGlobalSection
	GlobalSection(ProjectConfigurationPlatforms) = postSolution
		{B4351D6E-E446-42A0-9E19-730E6480A248}.Debug|Any CPU.ActiveCfg = Debug|Any CPU
		{B4351D6E-E446-42A0-9E19-730E6480A248}.Debug|Any CPU.Build.0 = Debug|Any CPU
		{B4351D6E-E446-42A0-9E19-730E6480A248}.Release|Any CPU.ActiveCfg = Release|Any CPU
		{B4351D6E-E446-42A0-9E19-730E6480A248}.Release|Any CPU.Build.0 = Release|Any CPU
	EndGlobalSection
	GlobalSection(SolutionProperties) = preSolution
		HideSolutionNode = FALSE
	EndGlobalSection
	GlobalSection(ExtensibilityGlobals) = postSolution
		SolutionGuid = {1B8BBD64-62ED-4F92-8782-23A6CFAB72B3}
	EndGlobalSection
EndGlobal
